// !$*UTF8*$!
{
	archiveVersion = 1;
	classes = {
	};
	objectVersion = 56;
	objects = {

/* Begin PBXBuildFile section */
		DE1D0B392A4366EE003A4DC9 /* AppDelegate.swift in Sources */ = {isa = PBXBuildFile; fileRef = DE1D0B382A4366EE003A4DC9 /* AppDelegate.swift */; };
		DE1D0B3B2A4366EE003A4DC9 /* SceneDelegate.swift in Sources */ = {isa = PBXBuildFile; fileRef = DE1D0B3A2A4366EE003A4DC9 /* SceneDelegate.swift */; };
		DE1D0B3D2A4366EE003A4DC9 /* ViewController.swift in Sources */ = {isa = PBXBuildFile; fileRef = DE1D0B3C2A4366EE003A4DC9 /* ViewController.swift */; };
		DE1D0B402A4366EE003A4DC9 /* Main.storyboard in Resources */ = {isa = PBXBuildFile; fileRef = DE1D0B3E2A4366EE003A4DC9 /* Main.storyboard */; };
		DE1D0B422A4366F0003A4DC9 /* Assets.xcassets in Resources */ = {isa = PBXBuildFile; fileRef = DE1D0B412A4366F0003A4DC9 /* Assets.xcassets */; };
		DE1D0B452A4366F0003A4DC9 /* LaunchScreen.storyboard in Resources */ = {isa = PBXBuildFile; fileRef = DE1D0B432A4366F0003A4DC9 /* LaunchScreen.storyboard */; };
		DECE03BF2A45FD3200CEA4C7 /* HomeTableViewHeader.xib in Resources */ = {isa = PBXBuildFile; fileRef = DECE03BE2A45FD3200CEA4C7 /* HomeTableViewHeader.xib */; };
		DECE03C12A4603BC00CEA4C7 /* HomeTableViewHeader.swift in Sources */ = {isa = PBXBuildFile; fileRef = DECE03C02A4603BC00CEA4C7 /* HomeTableViewHeader.swift */; };
		DEF54E672A5345C900401907 /* ViagemTableViewCell.swift in Sources */ = {isa = PBXBuildFile; fileRef = DEF54E652A5345C900401907 /* ViagemTableViewCell.swift */; };
		DEF54E682A5345C900401907 /* ViagemTableViewCell.xib in Resources */ = {isa = PBXBuildFile; fileRef = DEF54E662A5345C900401907 /* ViagemTableViewCell.xib */; };
/* End PBXBuildFile section */

/* Begin PBXFileReference section */
		DE1D0B352A4366EE003A4DC9 /* AluraViagens.app */ = {isa = PBXFileReference; explicitFileType = wrapper.application; includeInIndex = 0; path = AluraViagens.app; sourceTree = BUILT_PRODUCTS_DIR; };
		DE1D0B382A4366EE003A4DC9 /* AppDelegate.swift */ = {isa = PBXFileReference; lastKnownFileType = sourcecode.swift; path = AppDelegate.swift; sourceTree = "<group>"; };
		DE1D0B3A2A4366EE003A4DC9 /* SceneDelegate.swift */ = {isa = PBXFileReference; lastKnownFileType = sourcecode.swift; path = SceneDelegate.swift; sourceTree = "<group>"; };
		DE1D0B3C2A4366EE003A4DC9 /* ViewController.swift */ = {isa = PBXFileReference; lastKnownFileType = sourcecode.swift; path = ViewController.swift; sourceTree = "<group>"; };
		DE1D0B3F2A4366EE003A4DC9 /* Base */ = {isa = PBXFileReference; lastKnownFileType = file.storyboard; name = Base; path = Base.lproj/Main.storyboard; sourceTree = "<group>"; };
		DE1D0B412A4366F0003A4DC9 /* Assets.xcassets */ = {isa = PBXFileReference; lastKnownFileType = folder.assetcatalog; path = Assets.xcassets; sourceTree = "<group>"; };
		DE1D0B442A4366F0003A4DC9 /* Base */ = {isa = PBXFileReference; lastKnownFileType = file.storyboard; name = Base; path = Base.lproj/LaunchScreen.storyboard; sourceTree = "<group>"; };
		DE1D0B462A4366F0003A4DC9 /* Info.plist */ = {isa = PBXFileReference; lastKnownFileType = text.plist.xml; path = Info.plist; sourceTree = "<group>"; };
		DECE03BE2A45FD3200CEA4C7 /* HomeTableViewHeader.xib */ = {isa = PBXFileReference; lastKnownFileType = file.xib; path = HomeTableViewHeader.xib; sourceTree = "<group>"; };
		DECE03C02A4603BC00CEA4C7 /* HomeTableViewHeader.swift */ = {isa = PBXFileReference; lastKnownFileType = sourcecode.swift; path = HomeTableViewHeader.swift; sourceTree = "<group>"; };
		DEF54E652A5345C900401907 /* ViagemTableViewCell.swift */ = {isa = PBXFileReference; lastKnownFileType = sourcecode.swift; path = ViagemTableViewCell.swift; sourceTree = "<group>"; };
		DEF54E662A5345C900401907 /* ViagemTableViewCell.xib */ = {isa = PBXFileReference; lastKnownFileType = file.xib; path = ViagemTableViewCell.xib; sourceTree = "<group>"; };
/* End PBXFileReference section */

/* Begin PBXFrameworksBuildPhase section */
		DE1D0B322A4366EE003A4DC9 /* Frameworks */ = {
			isa = PBXFrameworksBuildPhase;
			buildActionMask = 2147483647;
			files = (
			);
			runOnlyForDeploymentPostprocessing = 0;
		};
/* End PBXFrameworksBuildPhase section */

/* Begin PBXGroup section */
		DE1D0B2C2A4366EE003A4DC9 = {
			isa = PBXGroup;
			children = (
				DE1D0B372A4366EE003A4DC9 /* AluraViagens */,
				DE1D0B362A4366EE003A4DC9 /* Products */,
			);
			sourceTree = "<group>";
		};
		DE1D0B362A4366EE003A4DC9 /* Products */ = {
			isa = PBXGroup;
			children = (
				DE1D0B352A4366EE003A4DC9 /* AluraViagens.app */,
			);
			name = Products;
			sourceTree = "<group>";
		};
		DE1D0B372A4366EE003A4DC9 /* AluraViagens */ = {
			isa = PBXGroup;
			children = (
				DE32A7562A532374000BD337 /* AppDelegate */,
				DE32A7572A53239E000BD337 /* Model */,
				DE32A7582A5323C7000BD337 /* View */,
				DE32A75A2A532442000BD337 /* ViewModel */,
				DE1D0B412A4366F0003A4DC9 /* Assets.xcassets */,
				DE1D0B432A4366F0003A4DC9 /* LaunchScreen.storyboard */,
				DE1D0B462A4366F0003A4DC9 /* Info.plist */,
			);
			path = AluraViagens;
			sourceTree = "<group>";
		};
		DE32A7562A532374000BD337 /* AppDelegate */ = {
			isa = PBXGroup;
			children = (
				DE1D0B382A4366EE003A4DC9 /* AppDelegate.swift */,
				DE1D0B3A2A4366EE003A4DC9 /* SceneDelegate.swift */,
			);
			path = AppDelegate;
			sourceTree = "<group>";
		};
		DE32A7572A53239E000BD337 /* Model */ = {
			isa = PBXGroup;
			children = (
			);
			path = Model;
			sourceTree = "<group>";
		};
		DE32A7582A5323C7000BD337 /* View */ = {
			isa = PBXGroup;
			children = (
				DE1D0B3C2A4366EE003A4DC9 /* ViewController.swift */,
				DE1D0B3E2A4366EE003A4DC9 /* Main.storyboard */,
				DEF54E642A53458200401907 /* Cells */,
				DE32A7592A532411000BD337 /* Header */,
			);
			path = View;
			sourceTree = "<group>";
		};
		DE32A7592A532411000BD337 /* Header */ = {
			isa = PBXGroup;
			children = (
				DECE03BE2A45FD3200CEA4C7 /* HomeTableViewHeader.xib */,
				DECE03C02A4603BC00CEA4C7 /* HomeTableViewHeader.swift */,
			);
			path = Header;
			sourceTree = "<group>";
		};
		DE32A75A2A532442000BD337 /* ViewModel */ = {
			isa = PBXGroup;
			children = (
			);
			path = ViewModel;
			sourceTree = "<group>";
		};
		DEF54E642A53458200401907 /* Cells */ = {
			isa = PBXGroup;
			children = (
				DEF54E652A5345C900401907 /* ViagemTableViewCell.swift */,
				DEF54E662A5345C900401907 /* ViagemTableViewCell.xib */,
			);
			path = Cells;
			sourceTree = "<group>";
		};
/* End PBXGroup section */

/* Begin PBXNativeTarget section */
		DE1D0B342A4366EE003A4DC9 /* AluraViagens */ = {
			isa = PBXNativeTarget;
			buildConfigurationList = DE1D0B492A4366F0003A4DC9 /* Build configuration list for PBXNativeTarget "AluraViagens" */;
			buildPhases = (
				DE1D0B312A4366EE003A4DC9 /* Sources */,
				DE1D0B322A4366EE003A4DC9 /* Frameworks */,
				DE1D0B332A4366EE003A4DC9 /* Resources */,
			);
			buildRules = (
			);
			dependencies = (
			);
			name = AluraViagens;
			productName = AluraViagens;
			productReference = DE1D0B352A4366EE003A4DC9 /* AluraViagens.app */;
			productType = "com.apple.product-type.application";
		};
/* End PBXNativeTarget section */

/* Begin PBXProject section */
		DE1D0B2D2A4366EE003A4DC9 /* Project object */ = {
			isa = PBXProject;
			attributes = {
				BuildIndependentTargetsInParallel = 1;
				LastSwiftUpdateCheck = 1430;
				LastUpgradeCheck = 1430;
				TargetAttributes = {
					DE1D0B342A4366EE003A4DC9 = {
						CreatedOnToolsVersion = 14.3;
					};
				};
			};
			buildConfigurationList = DE1D0B302A4366EE003A4DC9 /* Build configuration list for PBXProject "AluraViagens" */;
			compatibilityVersion = "Xcode 14.0";
			developmentRegion = en;
			hasScannedForEncodings = 0;
			knownRegions = (
				en,
				Base,
			);
			mainGroup = DE1D0B2C2A4366EE003A4DC9;
			productRefGroup = DE1D0B362A4366EE003A4DC9 /* Products */;
			projectDirPath = "";
			projectRoot = "";
			targets = (
				DE1D0B342A4366EE003A4DC9 /* AluraViagens */,
			);
		};
/* End PBXProject section */

/* Begin PBXResourcesBuildPhase section */
		DE1D0B332A4366EE003A4DC9 /* Resources */ = {
			isa = PBXResourcesBuildPhase;
			buildActionMask = 2147483647;
			files = (
				DE1D0B452A4366F0003A4DC9 /* LaunchScreen.storyboard in Resources */,
				DECE03BF2A45FD3200CEA4C7 /* HomeTableViewHeader.xib in Resources */,
				DE1D0B422A4366F0003A4DC9 /* Assets.xcassets in Resources */,
				DE1D0B402A4366EE003A4DC9 /* Main.storyboard in Resources */,
				DEF54E682A5345C900401907 /* ViagemTableViewCell.xib in Resources */,
			);
			runOnlyForDeploymentPostprocessing = 0;
		};
/* End PBXResourcesBuildPhase section */

/* Begin PBXSourcesBuildPhase section */
		DE1D0B312A4366EE003A4DC9 /* Sources */ = {
			isa = PBXSourcesBuildPhase;
			buildActionMask = 2147483647;
			files = (
				DE1D0B3D2A4366EE003A4DC9 /* ViewController.swift in Sources */,
				DEF54E672A5345C900401907 /* ViagemTableViewCell.swift in Sources */,
				DECE03C12A4603BC00CEA4C7 /* HomeTableViewHeader.swift in Sources */,
				DE1D0B392A4366EE003A4DC9 /* AppDelegate.swift in Sources */,
				DE1D0B3B2A4366EE003A4DC9 /* SceneDelegate.swift in Sources */,
			);
			runOnlyForDeploymentPostprocessing = 0;
		};
/* End PBXSourcesBuildPhase section */

/* Begin PBXVariantGroup section */
		DE1D0B3E2A4366EE003A4DC9 /* Main.storyboard */ = {
			isa = PBXVariantGroup;
			children = (
				DE1D0B3F2A4366EE003A4DC9 /* Base */,
			);
			name = Main.storyboard;
			sourceTree = "<group>";
		};
		DE1D0B432A4366F0003A4DC9 /* LaunchScreen.storyboard */ = {
			isa = PBXVariantGroup;
			children = (
				DE1D0B442A4366F0003A4DC9 /* Base */,
			);
			name = LaunchScreen.storyboard;
			sourceTree = "<group>";
		};
/* End PBXVariantGroup section */

/* Begin XCBuildConfiguration section */
		DE1D0B472A4366F0003A4DC9 /* Debug */ = {
			isa = XCBuildConfiguration;
			buildSettings = {
				ALWAYS_SEARCH_USER_PATHS = NO;
				CLANG_ANALYZER_NONNULL = YES;
				CLANG_ANALYZER_NUMBER_OBJECT_CONVERSION = YES_AGGRESSIVE;
				CLANG_CXX_LANGUAGE_STANDARD = "gnu++20";
				CLANG_ENABLE_MODULES = YES;
				CLANG_ENABLE_OBJC_ARC = YES;
				CLANG_ENABLE_OBJC_WEAK = YES;
				CLANG_WARN_BLOCK_CAPTURE_AUTORELEASING = YES;
				CLANG_WARN_BOOL_CONVERSION = YES;
				CLANG_WARN_COMMA = YES;
				CLANG_WARN_CONSTANT_CONVERSION = YES;
				CLANG_WARN_DEPRECATED_OBJC_IMPLEMENTATIONS = YES;
				CLANG_WARN_DIRECT_OBJC_ISA_USAGE = YES_ERROR;
				CLANG_WARN_DOCUMENTATION_COMMENTS = YES;
				CLANG_WARN_EMPTY_BODY = YES;
				CLANG_WARN_ENUM_CONVERSION = YES;
				CLANG_WARN_INFINITE_RECURSION = YES;
				CLANG_WARN_INT_CONVERSION = YES;
				CLANG_WARN_NON_LITERAL_NULL_CONVERSION = YES;
				CLANG_WARN_OBJC_IMPLICIT_RETAIN_SELF = YES;
				CLANG_WARN_OBJC_LITERAL_CONVERSION = YES;
				CLANG_WARN_OBJC_ROOT_CLASS = YES_ERROR;
				CLANG_WARN_QUOTED_INCLUDE_IN_FRAMEWORK_HEADER = YES;
				CLANG_WARN_RANGE_LOOP_ANALYSIS = YES;
				CLANG_WARN_STRICT_PROTOTYPES = YES;
				CLANG_WARN_SUSPICIOUS_MOVE = YES;
				CLANG_WARN_UNGUARDED_AVAILABILITY = YES_AGGRESSIVE;
				CLANG_WARN_UNREACHABLE_CODE = YES;
				CLANG_WARN__DUPLICATE_METHOD_MATCH = YES;
				COPY_PHASE_STRIP = NO;
				DEBUG_INFORMATION_FORMAT = dwarf;
				ENABLE_STRICT_OBJC_MSGSEND = YES;
				ENABLE_TESTABILITY = YES;
				GCC_C_LANGUAGE_STANDARD = gnu11;
				GCC_DYNAMIC_NO_PIC = NO;
				GCC_NO_COMMON_BLOCKS = YES;
				GCC_OPTIMIZATION_LEVEL = 0;
				GCC_PREPROCESSOR_DEFINITIONS = (
					"DEBUG=1",
					"$(inherited)",
				);
				GCC_WARN_64_TO_32_BIT_CONVERSION = YES;
				GCC_WARN_ABOUT_RETURN_TYPE = YES_ERROR;
				GCC_WARN_UNDECLARED_SELECTOR = YES;
				GCC_WARN_UNINITIALIZED_AUTOS = YES_AGGRESSIVE;
				GCC_WARN_UNUSED_FUNCTION = YES;
				GCC_WARN_UNUSED_VARIABLE = YES;
				IPHONEOS_DEPLOYMENT_TARGET = 16.4;
				MTL_ENABLE_DEBUG_INFO = INCLUDE_SOURCE;
				MTL_FAST_MATH = YES;
				ONLY_ACTIVE_ARCH = YES;
				SDKROOT = iphoneos;
				SWIFT_ACTIVE_COMPILATION_CONDITIONS = DEBUG;
				SWIFT_OPTIMIZATION_LEVEL = "-Onone";
			};
			name = Debug;
		};
		DE1D0B482A4366F0003A4DC9 /* Release */ = {
			isa = XCBuildConfiguration;
			buildSettings = {
				ALWAYS_SEARCH_USER_PATHS = NO;
				CLANG_ANALYZER_NONNULL = YES;
				CLANG_ANALYZER_NUMBER_OBJECT_CONVERSION = YES_AGGRESSIVE;
				CLANG_CXX_LANGUAGE_STANDARD = "gnu++20";
				CLANG_ENABLE_MODULES = YES;
				CLANG_ENABLE_OBJC_ARC = YES;
				CLANG_ENABLE_OBJC_WEAK = YES;
				CLANG_WARN_BLOCK_CAPTURE_AUTORELEASING = YES;
				CLANG_WARN_BOOL_CONVERSION = YES;
				CLANG_WARN_COMMA = YES;
				CLANG_WARN_CONSTANT_CONVERSION = YES;
				CLANG_WARN_DEPRECATED_OBJC_IMPLEMENTATIONS = YES;
				CLANG_WARN_DIRECT_OBJC_ISA_USAGE = YES_ERROR;
				CLANG_WARN_DOCUMENTATION_COMMENTS = YES;
				CLANG_WARN_EMPTY_BODY = YES;
				CLANG_WARN_ENUM_CONVERSION = YES;
				CLANG_WARN_INFINITE_RECURSION = YES;
				CLANG_WARN_INT_CONVERSION = YES;
				CLANG_WARN_NON_LITERAL_NULL_CONVERSION = YES;
				CLANG_WARN_OBJC_IMPLICIT_RETAIN_SELF = YES;
				CLANG_WARN_OBJC_LITERAL_CONVERSION = YES;
				CLANG_WARN_OBJC_ROOT_CLASS = YES_ERROR;
				CLANG_WARN_QUOTED_INCLUDE_IN_FRAMEWORK_HEADER = YES;
				CLANG_WARN_RANGE_LOOP_ANALYSIS = YES;
				CLANG_WARN_STRICT_PROTOTYPES = YES;
				CLANG_WARN_SUSPICIOUS_MOVE = YES;
				CLANG_WARN_UNGUARDED_AVAILABILITY = YES_AGGRESSIVE;
				CLANG_WARN_UNREACHABLE_CODE = YES;
				CLANG_WARN__DUPLICATE_METHOD_MATCH = YES;
				COPY_PHASE_STRIP = NO;
				DEBUG_INFORMATION_FORMAT = "dwarf-with-dsym";
				ENABLE_NS_ASSERTIONS = NO;
				ENABLE_STRICT_OBJC_MSGSEND = YES;
				GCC_C_LANGUAGE_STANDARD = gnu11;
				GCC_NO_COMMON_BLOCKS = YES;
				GCC_WARN_64_TO_32_BIT_CONVERSION = YES;
				GCC_WARN_ABOUT_RETURN_TYPE = YES_ERROR;
				GCC_WARN_UNDECLARED_SELECTOR = YES;
				GCC_WARN_UNINITIALIZED_AUTOS = YES_AGGRESSIVE;
				GCC_WARN_UNUSED_FUNCTION = YES;
				GCC_WARN_UNUSED_VARIABLE = YES;
				IPHONEOS_DEPLOYMENT_TARGET = 16.4;
				MTL_ENABLE_DEBUG_INFO = NO;
				MTL_FAST_MATH = YES;
				SDKROOT = iphoneos;
				SWIFT_COMPILATION_MODE = wholemodule;
				SWIFT_OPTIMIZATION_LEVEL = "-O";
				VALIDATE_PRODUCT = YES;
			};
			name = Release;
		};
		DE1D0B4A2A4366F0003A4DC9 /* Debug */ = {
			isa = XCBuildConfiguration;
			buildSettings = {
				ASSETCATALOG_COMPILER_APPICON_NAME = AppIcon;
				ASSETCATALOG_COMPILER_GLOBAL_ACCENT_COLOR_NAME = AccentColor;
				CODE_SIGN_STYLE = Automatic;
				CURRENT_PROJECT_VERSION = 1;
				GENERATE_INFOPLIST_FILE = YES;
				INFOPLIST_FILE = AluraViagens/Info.plist;
				INFOPLIST_KEY_UIApplicationSupportsIndirectInputEvents = YES;
				INFOPLIST_KEY_UILaunchStoryboardName = LaunchScreen;
				INFOPLIST_KEY_UIMainStoryboardFile = Main;
				INFOPLIST_KEY_UISupportedInterfaceOrientations_iPad = "UIInterfaceOrientationPortrait UIInterfaceOrientationPortraitUpsideDown UIInterfaceOrientationLandscapeLeft UIInterfaceOrientationLandscapeRight";
				INFOPLIST_KEY_UISupportedInterfaceOrientations_iPhone = "UIInterfaceOrientationPortrait UIInterfaceOrientationLandscapeLeft UIInterfaceOrientationLandscapeRight";
				LD_RUNPATH_SEARCH_PATHS = (
					"$(inherited)",
					"@executable_path/Frameworks",
				);
				MARKETING_VERSION = 1.0;
				PRODUCT_BUNDLE_IDENTIFIER = com.natasha.AluraViagens;
				PRODUCT_NAME = "$(TARGET_NAME)";
				SWIFT_EMIT_LOC_STRINGS = YES;
				SWIFT_VERSION = 5.0;
				TARGETED_DEVICE_FAMILY = "1,2";
			};
			name = Debug;
		};
		DE1D0B4B2A4366F0003A4DC9 /* Release */ = {
			isa = XCBuildConfiguration;
			buildSettings = {
				ASSETCATALOG_COMPILER_APPICON_NAME = AppIcon;
				ASSETCATALOG_COMPILER_GLOBAL_ACCENT_COLOR_NAME = AccentColor;
				CODE_SIGN_STYLE = Automatic;
				CURRENT_PROJECT_VERSION = 1;
				GENERATE_INFOPLIST_FILE = YES;
				INFOPLIST_FILE = AluraViagens/Info.plist;
				INFOPLIST_KEY_UIApplicationSupportsIndirectInputEvents = YES;
				INFOPLIST_KEY_UILaunchStoryboardName = LaunchScreen;
				INFOPLIST_KEY_UIMainStoryboardFile = Main;
				INFOPLIST_KEY_UISupportedInterfaceOrientations_iPad = "UIInterfaceOrientationPortrait UIInterfaceOrientationPortraitUpsideDown UIInterfaceOrientationLandscapeLeft UIInterfaceOrientationLandscapeRight";
				INFOPLIST_KEY_UISupportedInterfaceOrientations_iPhone = "UIInterfaceOrientationPortrait UIInterfaceOrientationLandscapeLeft UIInterfaceOrientationLandscapeRight";
				LD_RUNPATH_SEARCH_PATHS = (
					"$(inherited)",
					"@executable_path/Frameworks",
				);
				MARKETING_VERSION = 1.0;
				PRODUCT_BUNDLE_IDENTIFIER = com.natasha.AluraViagens;
				PRODUCT_NAME = "$(TARGET_NAME)";
				SWIFT_EMIT_LOC_STRINGS = YES;
				SWIFT_VERSION = 5.0;
				TARGETED_DEVICE_FAMILY = "1,2";
			};
			name = Release;
		};
/* End XCBuildConfiguration section */

/* Begin XCConfigurationList section */
		DE1D0B302A4366EE003A4DC9 /* Build configuration list for PBXProject "AluraViagens" */ = {
			isa = XCConfigurationList;
			buildConfigurations = (
				DE1D0B472A4366F0003A4DC9 /* Debug */,
				DE1D0B482A4366F0003A4DC9 /* Release */,
			);
			defaultConfigurationIsVisible = 0;
			defaultConfigurationName = Release;
		};
		DE1D0B492A4366F0003A4DC9 /* Build configuration list for PBXNativeTarget "AluraViagens" */ = {
			isa = XCConfigurationList;
			buildConfigurations = (
				DE1D0B4A2A4366F0003A4DC9 /* Debug */,
				DE1D0B4B2A4366F0003A4DC9 /* Release */,
			);
			defaultConfigurationIsVisible = 0;
			defaultConfigurationName = Release;
		};
/* End XCConfigurationList section */
	};
	rootObject = DE1D0B2D2A4366EE003A4DC9 /* Project object */;
}
